
Microsoft Visual Studio Solution File, Format Version 12.00
# Visual Studio Version 17
VisualStudioVersion = 17.14.36414.22
MinimumVisualStudioVersion = 10.0.40219.1
Project("{FAE04EC0-301F-11D3-BF4B-00C04F79EFBC}") = "RestaurantBackend.API", "RestaurantBackend.API\RestaurantBackend.API.csproj", "{D42CB7DF-2DDE-4244-BD6F-126DE35BD07E}"
EndProject
Project("{FAE04EC0-301F-11D3-BF4B-00C04F79EFBC}") = "RestaurantBackend.Domain", "RestaurantBackend.Domain\RestaurantBackend.Domain.csproj", "{D03052B0-32DC-45DA-A2D0-13E7EB75085D}"
EndProject
Global
	GlobalSection(SolutionConfigurationPlatforms) = preSolution
		Debug|Any CPU = Debug|Any CPU
		Release|Any CPU = Release|Any CPU
	EndGlobalSection
	GlobalSection(ProjectConfigurationPlatforms) = postSolution
		{D42CB7DF-2DDE-4244-BD6F-126DE35BD07E}.Debug|Any CPU.ActiveCfg = Debug|Any CPU
		{D42CB7DF-2DDE-4244-BD6F-126DE35BD07E}.Debug|Any CPU.Build.0 = Debug|Any CPU
		{D42CB7DF-2DDE-4244-BD6F-126DE35BD07E}.Release|Any CPU.ActiveCfg = Release|Any CPU
		{D42CB7DF-2DDE-4244-BD6F-126DE35BD07E}.Release|Any CPU.Build.0 = Release|Any CPU
		{D03052B0-32DC-45DA-A2D0-13E7EB75085D}.Debug|Any CPU.ActiveCfg = Debug|Any CPU
		{D03052B0-32DC-45DA-A2D0-13E7EB75085D}.Debug|Any CPU.Build.0 = Debug|Any CPU
		{D03052B0-32DC-45DA-A2D0-13E7EB75085D}.Release|Any CPU.ActiveCfg = Release|Any CPU
		{D03052B0-32DC-45DA-A2D0-13E7EB75085D}.Release|Any CPU.Build.0 = Release|Any CPU
	EndGlobalSection
	GlobalSection(SolutionProperties) = preSolution
		HideSolutionNode = FALSE
	EndGlobalSection
	GlobalSection(ExtensibilityGlobals) = postSolution
		SolutionGuid = {B5623170-7B2B-4851-8C92-C73494F67A17}
	EndGlobalSection
EndGlobal
